# This file is generated by running "yarn install" inside your project.
# Manual changes might be lost - proceed with caution!

__metadata:
  version: 8
  cacheKey: 10c0

"acorn-walk@npm:^8.3.4":
  version: 8.3.5
  resolution: "acorn-walk@npm:8.3.5"
  dependencies:
    acorn: "npm:^8.11.0"
  checksum: 10c0/e31bf5b5423ed1349437029d66d708b9fbd1b77a644b031501e2c753b028d13b56348210ed901d5b1d0d86eb3381c0a0fc0d0998511a9d546d1194936266a332
  languageName: node
  linkType: hard

"acorn@npm:^8.11.0, acorn@npm:^8.15.0":
  version: 8.16.0
  resolution: "acorn@npm:8.16.0"
  bin:
    acorn: bin/acorn
  checksum: 10c0/c9c52697227661b68d0debaf972222d4f622aa06b185824164e153438afa7b08273432ca43ea792cadb24dada1d46f6f6bb1ef8de9956979288cc1b96bf9914e
  languageName: node
  linkType: hard

"whatsapp-web-protobuf-extractor@workspace:.":
  version: 0.0.0-use.local
  resolution: "whatsapp-web-protobuf-extractor@workspace:."
  dependencies:
    acorn: "npm:^8.15.0"
    acorn-walk: "npm:^8.3.4"
  languageName: unknown
  linkType: soft
